{
  "requires": true,
  "lockfileVersion": 1,
  "dependencies": {
    "@angular/animations": {
      "version": "8.2.4",
      "resolved": "https://registry.npmjs.org/@angular/animations/-/animations-8.2.4.tgz",
      "integrity": "sha512-EHTvA5ugoFiYVwi9SyozJORWcBhUIn06VbNa2uhQQdOUrsbvKBCF0PpH2nZZJz7wsQ6Pyonizee8vgea8/X59Q==",
      "requires": {
        "tslib": "^1.9.0"
      }
    },
    "@angular/common": {
      "version": "8.2.4",
      "resolved": "https://registry.npmjs.org/@angular/common/-/common-8.2.4.tgz",
      "integrity": "sha512-sPeTkor3uf8T3MvpekS0ZQe9K/yzlHBSoMyT0bIPOYeDTHUph3f/0XyYhH7KSGXLo7tSw1Mx9Ua05nQ+VHtLGQ==",
      "requires": {
        "tslib": "^1.9.0"
      }
    },
    "@angular/core": {
      "version": "8.2.4",
      "resolved": "https://registry.npmjs.org/@angular/core/-/core-8.2.4.tgz",
      "integrity": "sha512-8FSdkUSb5S4+K2w49iLzrQF/jzcmoRnOogFZQ8CctiXQHSVHHF8AjpoFpFVUAI6/77UVL8CehlyBSKF5EE1Z8A==",
      "requires": {
        "tslib": "^1.9.0"
      }
    },
    "bootstrap": {
      "version": "4.3.1",
      "resolved": "https://registry.npmjs.org/bootstrap/-/bootstrap-4.3.1.tgz",
      "integrity": "sha512-rXqOmH1VilAt2DyPzluTi2blhk17bO7ef+zLLPlWvG494pDxcM234pJ8wTc/6R40UWizAIIMgxjvxZg5kmsbag=="
    },
    "tslib": {
      "version": "1.10.0",
      "resolved": "https://registry.npmjs.org/tslib/-/tslib-1.10.0.tgz",
      "integrity": "sha512-qOebF53frne81cf0S9B41ByenJ3/IuH8yJKngAX35CmiZySA0khhkovshKK+jGCaMnVomla7gVlIcc3EvKPbTQ=="
    }
  }
}
